
Microsoft Visual Studio Solution File, Format Version 12.00
# Visual Studio 15
VisualStudioVersion = 15.0.28010.2046
MinimumVisualStudioVersion = 10.0.40219.1
Project("{FAE04EC0-301F-11D3-BF4B-00C04F79EFBC}") = "PokemonAPI_Project", "PokemonAPI_Project\PokemonAPI_Project.csproj", "{51E003B6-9321-4FD5-9794-37BA49475548}"
EndProject
Project("{FAE04EC0-301F-11D3-BF4B-00C04F79EFBC}") = "PokemonClassLibrary", "PokemonClassLibrary\PokemonClassLibrary.csproj", "{B8DCC5B7-F828-497F-BC32-1E112F4EF453}"
EndProject
Global
	GlobalSection(SolutionConfigurationPlatforms) = preSolution
		Debug|Any CPU = Debug|Any CPU
		Release|Any CPU = Release|Any CPU
	EndGlobalSection
	GlobalSection(ProjectConfigurationPlatforms) = postSolution
		{51E003B6-9321-4FD5-9794-37BA49475548}.Debug|Any CPU.ActiveCfg = Debug|Any CPU
		{51E003B6-9321-4FD5-9794-37BA49475548}.Debug|Any CPU.Build.0 = Debug|Any CPU
		{51E003B6-9321-4FD5-9794-37BA49475548}.Release|Any CPU.ActiveCfg = Release|Any CPU
		{51E003B6-9321-4FD5-9794-37BA49475548}.Release|Any CPU.Build.0 = Release|Any CPU
		{B8DCC5B7-F828-497F-BC32-1E112F4EF453}.Debug|Any CPU.ActiveCfg = Debug|Any CPU
		{B8DCC5B7-F828-497F-BC32-1E112F4EF453}.Debug|Any CPU.Build.0 = Debug|Any CPU
		{B8DCC5B7-F828-497F-BC32-1E112F4EF453}.Release|Any CPU.ActiveCfg = Release|Any CPU
		{B8DCC5B7-F828-497F-BC32-1E112F4EF453}.Release|Any CPU.Build.0 = Release|Any CPU
	EndGlobalSection
	GlobalSection(SolutionProperties) = preSolution
		HideSolutionNode = FALSE
	EndGlobalSection
	GlobalSection(ExtensibilityGlobals) = postSolution
		SolutionGuid = {DC173590-C1AA-47C8-A0F9-F74886047938}
	EndGlobalSection
EndGlobal
